// !$*UTF8*$!
{
	archiveVersion = 1;
	classes = {
	};
	objectVersion = 56;
	objects = {

/* Begin PBXBuildFile section */
		342407DF299FD5C90049BC30 /* ToDoList.swift in Sources */ = {isa = PBXBuildFile; fileRef = 342407DE299FD5C90049BC30 /* ToDoList.swift */; };
		342407E2299FD6A80049BC30 /* Tasks.swift in Sources */ = {isa = PBXBuildFile; fileRef = 342407E1299FD6A80049BC30 /* Tasks.swift */; };
		34872DD1299D955F00C48F6F /* AppDelegate.swift in Sources */ = {isa = PBXBuildFile; fileRef = 34872DD0299D955F00C48F6F /* AppDelegate.swift */; };
		34872DD3299D955F00C48F6F /* SceneDelegate.swift in Sources */ = {isa = PBXBuildFile; fileRef = 34872DD2299D955F00C48F6F /* SceneDelegate.swift */; };
		34872DD8299D955F00C48F6F /* Main.storyboard in Resources */ = {isa = PBXBuildFile; fileRef = 34872DD6299D955F00C48F6F /* Main.storyboard */; };
		34872DDA299D956100C48F6F /* Assets.xcassets in Resources */ = {isa = PBXBuildFile; fileRef = 34872DD9299D956100C48F6F /* Assets.xcassets */; };
		34872DDD299D956100C48F6F /* LaunchScreen.storyboard in Resources */ = {isa = PBXBuildFile; fileRef = 34872DDB299D956100C48F6F /* LaunchScreen.storyboard */; };
		34872DE6299DA1F500C48F6F /* ToDoListTableViewController.swift in Sources */ = {isa = PBXBuildFile; fileRef = 34872DE5299DA1F500C48F6F /* ToDoListTableViewController.swift */; };
		34872DE9299E82E000C48F6F /* ToDoListStepsTableViewController.swift in Sources */ = {isa = PBXBuildFile; fileRef = 34872DE8299E82E000C48F6F /* ToDoListStepsTableViewController.swift */; };
/* End PBXBuildFile section */

/* Begin PBXFileReference section */
		342407DE299FD5C90049BC30 /* ToDoList.swift */ = {isa = PBXFileReference; lastKnownFileType = sourcecode.swift; path = ToDoList.swift; sourceTree = "<group>"; };
		342407E1299FD6A80049BC30 /* Tasks.swift */ = {isa = PBXFileReference; lastKnownFileType = sourcecode.swift; path = Tasks.swift; sourceTree = "<group>"; };
		34872DCD299D955F00C48F6F /* ToDoList.Mchill.app */ = {isa = PBXFileReference; explicitFileType = wrapper.application; includeInIndex = 0; path = ToDoList.Mchill.app; sourceTree = BUILT_PRODUCTS_DIR; };
		34872DD0299D955F00C48F6F /* AppDelegate.swift */ = {isa = PBXFileReference; lastKnownFileType = sourcecode.swift; path = AppDelegate.swift; sourceTree = "<group>"; };
		34872DD2299D955F00C48F6F /* SceneDelegate.swift */ = {isa = PBXFileReference; lastKnownFileType = sourcecode.swift; path = SceneDelegate.swift; sourceTree = "<group>"; };
		34872DD7299D955F00C48F6F /* Base */ = {isa = PBXFileReference; lastKnownFileType = file.storyboard; name = Base; path = Base.lproj/Main.storyboard; sourceTree = "<group>"; };
		34872DD9299D956100C48F6F /* Assets.xcassets */ = {isa = PBXFileReference; lastKnownFileType = folder.assetcatalog; path = Assets.xcassets; sourceTree = "<group>"; };
		34872DDC299D956100C48F6F /* Base */ = {isa = PBXFileReference; lastKnownFileType = file.storyboard; name = Base; path = Base.lproj/LaunchScreen.storyboard; sourceTree = "<group>"; };
		34872DDE299D956100C48F6F /* Info.plist */ = {isa = PBXFileReference; lastKnownFileType = text.plist.xml; path = Info.plist; sourceTree = "<group>"; };
		34872DE5299DA1F500C48F6F /* ToDoListTableViewController.swift */ = {isa = PBXFileReference; lastKnownFileType = sourcecode.swift; path = ToDoListTableViewController.swift; sourceTree = "<group>"; };
		34872DE8299E82E000C48F6F /* ToDoListStepsTableViewController.swift */ = {isa = PBXFileReference; lastKnownFileType = sourcecode.swift; path = ToDoListStepsTableViewController.swift; sourceTree = "<group>"; };
/* End PBXFileReference section */

/* Begin PBXFrameworksBuildPhase section */
		34872DCA299D955F00C48F6F /* Frameworks */ = {
			isa = PBXFrameworksBuildPhase;
			buildActionMask = 2147483647;
			files = (
			);
			runOnlyForDeploymentPostprocessing = 0;
		};
/* End PBXFrameworksBuildPhase section */

/* Begin PBXGroup section */
		342407E0299FD6920049BC30 /* Model */ = {
			isa = PBXGroup;
			children = (
				342407DE299FD5C90049BC30 /* ToDoList.swift */,
				342407E1299FD6A80049BC30 /* Tasks.swift */,
			);
			path = Model;
			sourceTree = "<group>";
		};
		34872DC4299D955F00C48F6F = {
			isa = PBXGroup;
			children = (
				34872DCF299D955F00C48F6F /* ToDoList.Mchill */,
				34872DCE299D955F00C48F6F /* Products */,
			);
			sourceTree = "<group>";
		};
		34872DCE299D955F00C48F6F /* Products */ = {
			isa = PBXGroup;
			children = (
				34872DCD299D955F00C48F6F /* ToDoList.Mchill.app */,
			);
			name = Products;
			sourceTree = "<group>";
		};
		34872DCF299D955F00C48F6F /* ToDoList.Mchill */ = {
			isa = PBXGroup;
			children = (
				34872DE4299D95AE00C48F6F /* SupportingFiles */,
				34872DD6299D955F00C48F6F /* Main.storyboard */,
				34872DDB299D956100C48F6F /* LaunchScreen.storyboard */,
				34872DE7299E82AF00C48F6F /* ViewContollers */,
				342407E0299FD6920049BC30 /* Model */,
			);
			path = ToDoList.Mchill;
			sourceTree = "<group>";
		};
		34872DE4299D95AE00C48F6F /* SupportingFiles */ = {
			isa = PBXGroup;
			children = (
				34872DD0299D955F00C48F6F /* AppDelegate.swift */,
				34872DD2299D955F00C48F6F /* SceneDelegate.swift */,
				34872DD9299D956100C48F6F /* Assets.xcassets */,
				34872DDE299D956100C48F6F /* Info.plist */,
			);
			path = SupportingFiles;
			sourceTree = "<group>";
		};
		34872DE7299E82AF00C48F6F /* ViewContollers */ = {
			isa = PBXGroup;
			children = (
				34872DE5299DA1F500C48F6F /* ToDoListTableViewController.swift */,
				34872DE8299E82E000C48F6F /* ToDoListStepsTableViewController.swift */,
			);
			path = ViewContollers;
			sourceTree = "<group>";
		};
/* End PBXGroup section */

/* Begin PBXNativeTarget section */
		34872DCC299D955F00C48F6F /* ToDoList.Mchill */ = {
			isa = PBXNativeTarget;
			buildConfigurationList = 34872DE1299D956100C48F6F /* Build configuration list for PBXNativeTarget "ToDoList.Mchill" */;
			buildPhases = (
				34872DC9299D955F00C48F6F /* Sources */,
				34872DCA299D955F00C48F6F /* Frameworks */,
				34872DCB299D955F00C48F6F /* Resources */,
			);
			buildRules = (
			);
			dependencies = (
			);
			name = ToDoList.Mchill;
			productName = ToDoList.Mchill;
			productReference = 34872DCD299D955F00C48F6F /* ToDoList.Mchill.app */;
			productType = "com.apple.product-type.application";
		};
/* End PBXNativeTarget section */

/* Begin PBXProject section */
		34872DC5299D955F00C48F6F /* Project object */ = {
			isa = PBXProject;
			attributes = {
				BuildIndependentTargetsInParallel = 1;
				LastSwiftUpdateCheck = 1420;
				LastUpgradeCheck = 1420;
				TargetAttributes = {
					34872DCC299D955F00C48F6F = {
						CreatedOnToolsVersion = 14.2;
					};
				};
			};
			buildConfigurationList = 34872DC8299D955F00C48F6F /* Build configuration list for PBXProject "ToDoList.Mchill" */;
			compatibilityVersion = "Xcode 14.0";
			developmentRegion = en;
			hasScannedForEncodings = 0;
			knownRegions = (
				en,
				Base,
			);
			mainGroup = 34872DC4299D955F00C48F6F;
			productRefGroup = 34872DCE299D955F00C48F6F /* Products */;
			projectDirPath = "";
			projectRoot = "";
			targets = (
				34872DCC299D955F00C48F6F /* ToDoList.Mchill */,
			);
		};
/* End PBXProject section */

/* Begin PBXResourcesBuildPhase section */
		34872DCB299D955F00C48F6F /* Resources */ = {
			isa = PBXResourcesBuildPhase;
			buildActionMask = 2147483647;
			files = (
				34872DDD299D956100C48F6F /* LaunchScreen.storyboard in Resources */,
				34872DDA299D956100C48F6F /* Assets.xcassets in Resources */,
				34872DD8299D955F00C48F6F /* Main.storyboard in Resources */,
			);
			runOnlyForDeploymentPostprocessing = 0;
		};
/* End PBXResourcesBuildPhase section */

/* Begin PBXSourcesBuildPhase section */
		34872DC9299D955F00C48F6F /* Sources */ = {
			isa = PBXSourcesBuildPhase;
			buildActionMask = 2147483647;
			files = (
				34872DD1299D955F00C48F6F /* AppDelegate.swift in Sources */,
				34872DE9299E82E000C48F6F /* ToDoListStepsTableViewController.swift in Sources */,
				342407DF299FD5C90049BC30 /* ToDoList.swift in Sources */,
				34872DD3299D955F00C48F6F /* SceneDelegate.swift in Sources */,
				342407E2299FD6A80049BC30 /* Tasks.swift in Sources */,
				34872DE6299DA1F500C48F6F /* ToDoListTableViewController.swift in Sources */,
			);
			runOnlyForDeploymentPostprocessing = 0;
		};
/* End PBXSourcesBuildPhase section */

/* Begin PBXVariantGroup section */
		34872DD6299D955F00C48F6F /* Main.storyboard */ = {
			isa = PBXVariantGroup;
			children = (
				34872DD7299D955F00C48F6F /* Base */,
			);
			name = Main.storyboard;
			sourceTree = "<group>";
		};
		34872DDB299D956100C48F6F /* LaunchScreen.storyboard */ = {
			isa = PBXVariantGroup;
			children = (
				34872DDC299D956100C48F6F /* Base */,
			);
			name = LaunchScreen.storyboard;
			sourceTree = "<group>";
		};
/* End PBXVariantGroup section */

/* Begin XCBuildConfiguration section */
		34872DDF299D956100C48F6F /* Debug */ = {
			isa = XCBuildConfiguration;
			buildSettings = {
				ALWAYS_SEARCH_USER_PATHS = NO;
				CLANG_ANALYZER_NONNULL = YES;
				CLANG_ANALYZER_NUMBER_OBJECT_CONVERSION = YES_AGGRESSIVE;
				CLANG_CXX_LANGUAGE_STANDARD = "gnu++20";
				CLANG_ENABLE_MODULES = YES;
				CLANG_ENABLE_OBJC_ARC = YES;
				CLANG_ENABLE_OBJC_WEAK = YES;
				CLANG_WARN_BLOCK_CAPTURE_AUTORELEASING = YES;
				CLANG_WARN_BOOL_CONVERSION = YES;
				CLANG_WARN_COMMA = YES;
				CLANG_WARN_CONSTANT_CONVERSION = YES;
				CLANG_WARN_DEPRECATED_OBJC_IMPLEMENTATIONS = YES;
				CLANG_WARN_DIRECT_OBJC_ISA_USAGE = YES_ERROR;
				CLANG_WARN_DOCUMENTATION_COMMENTS = YES;
				CLANG_WARN_EMPTY_BODY = YES;
				CLANG_WARN_ENUM_CONVERSION = YES;
				CLANG_WARN_INFINITE_RECURSION = YES;
				CLANG_WARN_INT_CONVERSION = YES;
				CLANG_WARN_NON_LITERAL_NULL_CONVERSION = YES;
				CLANG_WARN_OBJC_IMPLICIT_RETAIN_SELF = YES;
				CLANG_WARN_OBJC_LITERAL_CONVERSION = YES;
				CLANG_WARN_OBJC_ROOT_CLASS = YES_ERROR;
				CLANG_WARN_QUOTED_INCLUDE_IN_FRAMEWORK_HEADER = YES;
				CLANG_WARN_RANGE_LOOP_ANALYSIS = YES;
				CLANG_WARN_STRICT_PROTOTYPES = YES;
				CLANG_WARN_SUSPICIOUS_MOVE = YES;
				CLANG_WARN_UNGUARDED_AVAILABILITY = YES_AGGRESSIVE;
				CLANG_WARN_UNREACHABLE_CODE = YES;
				CLANG_WARN__DUPLICATE_METHOD_MATCH = YES;
				COPY_PHASE_STRIP = NO;
				DEBUG_INFORMATION_FORMAT = dwarf;
				ENABLE_STRICT_OBJC_MSGSEND = YES;
				ENABLE_TESTABILITY = YES;
				GCC_C_LANGUAGE_STANDARD = gnu11;
				GCC_DYNAMIC_NO_PIC = NO;
				GCC_NO_COMMON_BLOCKS = YES;
				GCC_OPTIMIZATION_LEVEL = 0;
				GCC_PREPROCESSOR_DEFINITIONS = (
					"DEBUG=1",
					"$(inherited)",
				);
				GCC_WARN_64_TO_32_BIT_CONVERSION = YES;
				GCC_WARN_ABOUT_RETURN_TYPE = YES_ERROR;
				GCC_WARN_UNDECLARED_SELECTOR = YES;
				GCC_WARN_UNINITIALIZED_AUTOS = YES_AGGRESSIVE;
				GCC_WARN_UNUSED_FUNCTION = YES;
				GCC_WARN_UNUSED_VARIABLE = YES;
				IPHONEOS_DEPLOYMENT_TARGET = 16.2;
				MTL_ENABLE_DEBUG_INFO = INCLUDE_SOURCE;
				MTL_FAST_MATH = YES;
				ONLY_ACTIVE_ARCH = YES;
				SDKROOT = iphoneos;
				SWIFT_ACTIVE_COMPILATION_CONDITIONS = DEBUG;
				SWIFT_OPTIMIZATION_LEVEL = "-Onone";
			};
			name = Debug;
		};
		34872DE0299D956100C48F6F /* Release */ = {
			isa = XCBuildConfiguration;
			buildSettings = {
				ALWAYS_SEARCH_USER_PATHS = NO;
				CLANG_ANALYZER_NONNULL = YES;
				CLANG_ANALYZER_NUMBER_OBJECT_CONVERSION = YES_AGGRESSIVE;
				CLANG_CXX_LANGUAGE_STANDARD = "gnu++20";
				CLANG_ENABLE_MODULES = YES;
				CLANG_ENABLE_OBJC_ARC = YES;
				CLANG_ENABLE_OBJC_WEAK = YES;
				CLANG_WARN_BLOCK_CAPTURE_AUTORELEASING = YES;
				CLANG_WARN_BOOL_CONVERSION = YES;
				CLANG_WARN_COMMA = YES;
				CLANG_WARN_CONSTANT_CONVERSION = YES;
				CLANG_WARN_DEPRECATED_OBJC_IMPLEMENTATIONS = YES;
				CLANG_WARN_DIRECT_OBJC_ISA_USAGE = YES_ERROR;
				CLANG_WARN_DOCUMENTATION_COMMENTS = YES;
				CLANG_WARN_EMPTY_BODY = YES;
				CLANG_WARN_ENUM_CONVERSION = YES;
				CLANG_WARN_INFINITE_RECURSION = YES;
				CLANG_WARN_INT_CONVERSION = YES;
				CLANG_WARN_NON_LITERAL_NULL_CONVERSION = YES;
				CLANG_WARN_OBJC_IMPLICIT_RETAIN_SELF = YES;
				CLANG_WARN_OBJC_LITERAL_CONVERSION = YES;
				CLANG_WARN_OBJC_ROOT_CLASS = YES_ERROR;
				CLANG_WARN_QUOTED_INCLUDE_IN_FRAMEWORK_HEADER = YES;
				CLANG_WARN_RANGE_LOOP_ANALYSIS = YES;
				CLANG_WARN_STRICT_PROTOTYPES = YES;
				CLANG_WARN_SUSPICIOUS_MOVE = YES;
				CLANG_WARN_UNGUARDED_AVAILABILITY = YES_AGGRESSIVE;
				CLANG_WARN_UNREACHABLE_CODE = YES;
				CLANG_WARN__DUPLICATE_METHOD_MATCH = YES;
				COPY_PHASE_STRIP = NO;
				DEBUG_INFORMATION_FORMAT = "dwarf-with-dsym";
				ENABLE_NS_ASSERTIONS = NO;
				ENABLE_STRICT_OBJC_MSGSEND = YES;
				GCC_C_LANGUAGE_STANDARD = gnu11;
				GCC_NO_COMMON_BLOCKS = YES;
				GCC_WARN_64_TO_32_BIT_CONVERSION = YES;
				GCC_WARN_ABOUT_RETURN_TYPE = YES_ERROR;
				GCC_WARN_UNDECLARED_SELECTOR = YES;
				GCC_WARN_UNINITIALIZED_AUTOS = YES_AGGRESSIVE;
				GCC_WARN_UNUSED_FUNCTION = YES;
				GCC_WARN_UNUSED_VARIABLE = YES;
				IPHONEOS_DEPLOYMENT_TARGET = 16.2;
				MTL_ENABLE_DEBUG_INFO = NO;
				MTL_FAST_MATH = YES;
				SDKROOT = iphoneos;
				SWIFT_COMPILATION_MODE = wholemodule;
				SWIFT_OPTIMIZATION_LEVEL = "-O";
				VALIDATE_PRODUCT = YES;
			};
			name = Release;
		};
		34872DE2299D956100C48F6F /* Debug */ = {
			isa = XCBuildConfiguration;
			buildSettings = {
				ASSETCATALOG_COMPILER_APPICON_NAME = AppIcon;
				ASSETCATALOG_COMPILER_GLOBAL_ACCENT_COLOR_NAME = AccentColor;
				CODE_SIGN_STYLE = Automatic;
				CURRENT_PROJECT_VERSION = 1;
				GENERATE_INFOPLIST_FILE = YES;
				INFOPLIST_FILE = ToDoList.Mchill/SupportingFiles/Info.plist;
				INFOPLIST_KEY_UIApplicationSupportsIndirectInputEvents = YES;
				INFOPLIST_KEY_UILaunchStoryboardName = LaunchScreen;
				INFOPLIST_KEY_UIMainStoryboardFile = Main;
				INFOPLIST_KEY_UISupportedInterfaceOrientations_iPad = "UIInterfaceOrientationPortrait UIInterfaceOrientationPortraitUpsideDown UIInterfaceOrientationLandscapeLeft UIInterfaceOrientationLandscapeRight";
				INFOPLIST_KEY_UISupportedInterfaceOrientations_iPhone = "UIInterfaceOrientationPortrait UIInterfaceOrientationLandscapeLeft UIInterfaceOrientationLandscapeRight";
				LD_RUNPATH_SEARCH_PATHS = (
					"$(inherited)",
					"@executable_path/Frameworks",
				);
				MARKETING_VERSION = 1.0;
				PRODUCT_BUNDLE_IDENTIFIER = "MetaChillDevelopers.ToDoList-Mchill";
				PRODUCT_NAME = "$(TARGET_NAME)";
				SWIFT_EMIT_LOC_STRINGS = YES;
				SWIFT_VERSION = 5.0;
				TARGETED_DEVICE_FAMILY = "1,2";
			};
			name = Debug;
		};
		34872DE3299D956100C48F6F /* Release */ = {
			isa = XCBuildConfiguration;
			buildSettings = {
				ASSETCATALOG_COMPILER_APPICON_NAME = AppIcon;
				ASSETCATALOG_COMPILER_GLOBAL_ACCENT_COLOR_NAME = AccentColor;
				CODE_SIGN_STYLE = Automatic;
				CURRENT_PROJECT_VERSION = 1;
				GENERATE_INFOPLIST_FILE = YES;
				INFOPLIST_FILE = ToDoList.Mchill/SupportingFiles/Info.plist;
				INFOPLIST_KEY_UIApplicationSupportsIndirectInputEvents = YES;
				INFOPLIST_KEY_UILaunchStoryboardName = LaunchScreen;
				INFOPLIST_KEY_UIMainStoryboardFile = Main;
				INFOPLIST_KEY_UISupportedInterfaceOrientations_iPad = "UIInterfaceOrientationPortrait UIInterfaceOrientationPortraitUpsideDown UIInterfaceOrientationLandscapeLeft UIInterfaceOrientationLandscapeRight";
				INFOPLIST_KEY_UISupportedInterfaceOrientations_iPhone = "UIInterfaceOrientationPortrait UIInterfaceOrientationLandscapeLeft UIInterfaceOrientationLandscapeRight";
				LD_RUNPATH_SEARCH_PATHS = (
					"$(inherited)",
					"@executable_path/Frameworks",
				);
				MARKETING_VERSION = 1.0;
				PRODUCT_BUNDLE_IDENTIFIER = "MetaChillDevelopers.ToDoList-Mchill";
				PRODUCT_NAME = "$(TARGET_NAME)";
				SWIFT_EMIT_LOC_STRINGS = YES;
				SWIFT_VERSION = 5.0;
				TARGETED_DEVICE_FAMILY = "1,2";
			};
			name = Release;
		};
/* End XCBuildConfiguration section */

/* Begin XCConfigurationList section */
		34872DC8299D955F00C48F6F /* Build configuration list for PBXProject "ToDoList.Mchill" */ = {
			isa = XCConfigurationList;
			buildConfigurations = (
				34872DDF299D956100C48F6F /* Debug */,
				34872DE0299D956100C48F6F /* Release */,
			);
			defaultConfigurationIsVisible = 0;
			defaultConfigurationName = Release;
		};
		34872DE1299D956100C48F6F /* Build configuration list for PBXNativeTarget "ToDoList.Mchill" */ = {
			isa = XCConfigurationList;
			buildConfigurations = (
				34872DE2299D956100C48F6F /* Debug */,
				34872DE3299D956100C48F6F /* Release */,
			);
			defaultConfigurationIsVisible = 0;
			defaultConfigurationName = Release;
		};
/* End XCConfigurationList section */
	};
	rootObject = 34872DC5299D955F00C48F6F /* Project object */;
}
